{
  "nodes": {
    "fenix": {
      "inputs": {
        "nixpkgs": [
          "nixpkgs"
        ],
        "rust-analyzer-src": "rust-analyzer-src"
      },
      "locked": {
        "lastModified": 1716359173,
        "narHash": "sha256-pYcjP6Gy7i6jPWrjiWAVV0BCQp+DdmGaI/k65lBb/kM=",
        "owner": "nix-community",
        "repo": "fenix",
        "rev": "b6fc5035b28e36a98370d0eac44f4ef3fd323df6",
        "type": "github"
      },
      "original": {
        "owner": "nix-community",
        "repo": "fenix",
        "type": "github"
      }
    },
    "nixpkgs": {
      "locked": {
        "lastModified": 1716451822,
        "narHash": "sha256-0lT5RVelqN+dgXWWneXvV5ufSksW0r0TDQi8O6U2+o8=",
        "owner": "NixOS",
        "repo": "nixpkgs",
        "rev": "3305b2b25e4ae4baee872346eae133cf6f611783",
        "type": "github"
      },
      "original": {
        "id": "nixpkgs",
        "ref": "nixpkgs-unstable",
        "type": "indirect"
      }
    },
    "root": {
      "inputs": {
        "fenix": "fenix",
        "nixpkgs": "nixpkgs"
      }
    },
    "rust-analyzer-src": {
      "flake": false,
      "locked": {
        "lastModified": 1716107283,
        "narHash": "sha256-NJgrwLiLGHDrCia5AeIvZUHUY7xYGVryee0/9D3Ir1I=",
        "owner": "rust-lang",
        "repo": "rust-analyzer",
        "rev": "21ec8f523812b88418b2bfc64240c62b3dd967bd",
        "type": "github"
      },
      "original": {
        "owner": "rust-lang",
        "ref": "nightly",
        "repo": "rust-analyzer",
        "type": "github"
      }
    }
  },
  "root": "root",
  "version": 7
}
