{
  "nodes": {
    "fenix": {
      "inputs": {
        "nixpkgs": [
          "nixpkgs"
        ],
        "rust-analyzer-src": "rust-analyzer-src"
      },
      "locked": {
        "lastModified": 1720938532,
        "narHash": "sha256-Q2ldXS7ZUJWDqdF+GjgRQPlDfdM6NyJ1aw7xUdzjY+4=",
        "owner": "nix-community",
        "repo": "fenix",
        "rev": "e761b522381d124fdc3ba20cecb2be2abec1d8cf",
        "type": "github"
      },
      "original": {
        "owner": "nix-community",
        "repo": "fenix",
        "type": "github"
      }
    },
    "nixpkgs": {
      "locked": {
        "lastModified": 1720955038,
        "narHash": "sha256-GaliJqfFwyYxReFywxAa8orCO+EnDq2NK2F+5aSc8vo=",
        "owner": "NixOS",
        "repo": "nixpkgs",
        "rev": "aa247c0c90ecf4ae7a032c54fdc21b91ca274062",
        "type": "github"
      },
      "original": {
        "id": "nixpkgs",
        "ref": "nixpkgs-unstable",
        "type": "indirect"
      }
    },
    "root": {
      "inputs": {
        "fenix": "fenix",
        "nixpkgs": "nixpkgs"
      }
    },
    "rust-analyzer-src": {
      "flake": false,
      "locked": {
        "lastModified": 1720717809,
        "narHash": "sha256-6I+fm+nTLF/iaj7ffiFGlSY7POmubwUaPA/Wq0Bm53M=",
        "owner": "rust-lang",
        "repo": "rust-analyzer",
        "rev": "ffbc5ad993d5cd2f3b8bcf9a511165470944ab91",
        "type": "github"
      },
      "original": {
        "owner": "rust-lang",
        "ref": "nightly",
        "repo": "rust-analyzer",
        "type": "github"
      }
    }
  },
  "root": "root",
  "version": 7
}
